
Microsoft Visual Studio Solution File, Format Version 12.00
# Visual Studio Version 17
VisualStudioVersion = 17.3.32929.385
MinimumVisualStudioVersion = 10.0.40219.1
Project("{FAE04EC0-301F-11D3-BF4B-00C04F79EFBC}") = "3program", "3program\3program.csproj", "{7AFF786C-6295-4A3F-ADA3-356E52031682}"
EndProject
Global
	GlobalSection(SolutionConfigurationPlatforms) = preSolution
		Debug|Any CPU = Debug|Any CPU
		Release|Any CPU = Release|Any CPU
	EndGlobalSection
	GlobalSection(ProjectConfigurationPlatforms) = postSolution
		{7AFF786C-6295-4A3F-ADA3-356E52031682}.Debug|Any CPU.ActiveCfg = Debug|Any CPU
		{7AFF786C-6295-4A3F-ADA3-356E52031682}.Debug|Any CPU.Build.0 = Debug|Any CPU
		{7AFF786C-6295-4A3F-ADA3-356E52031682}.Release|Any CPU.ActiveCfg = Release|Any CPU
		{7AFF786C-6295-4A3F-ADA3-356E52031682}.Release|Any CPU.Build.0 = Release|Any CPU
	EndGlobalSection
	GlobalSection(SolutionProperties) = preSolution
		HideSolutionNode = FALSE
	EndGlobalSection
	GlobalSection(ExtensibilityGlobals) = postSolution
		SolutionGuid = {FAEAB414-4A4B-48B7-915B-A7582346B460}
	EndGlobalSection
EndGlobal
